// !$*UTF8*$!
{
	archiveVersion = 1;
	classes = {
	};
	objectVersion = 46;
	objects = {

/* Begin PBXBuildFile section */
		FF8D021D1BDF58AE001CE04C /* AppDelegate.swift in Sources */ = {isa = PBXBuildFile; fileRef = FF8D021C1BDF58AE001CE04C /* AppDelegate.swift */; };
		FF8D021F1BDF58AE001CE04C /* ViewController.swift in Sources */ = {isa = PBXBuildFile; fileRef = FF8D021E1BDF58AE001CE04C /* ViewController.swift */; };
		FF8D02221BDF58AE001CE04C /* Main.storyboard in Resources */ = {isa = PBXBuildFile; fileRef = FF8D02201BDF58AE001CE04C /* Main.storyboard */; };
		FF8D02241BDF58AE001CE04C /* Images.xcassets in Resources */ = {isa = PBXBuildFile; fileRef = FF8D02231BDF58AE001CE04C /* Images.xcassets */; };
		FF8D02271BDF58AE001CE04C /* LaunchScreen.xib in Resources */ = {isa = PBXBuildFile; fileRef = FF8D02251BDF58AE001CE04C /* LaunchScreen.xib */; };
		FF8D02331BDF58AE001CE04C /* QRScannerTests.swift in Sources */ = {isa = PBXBuildFile; fileRef = FF8D02321BDF58AE001CE04C /* QRScannerTests.swift */; };
/* End PBXBuildFile section */

/* Begin PBXContainerItemProxy section */
		FF8D022D1BDF58AE001CE04C /* PBXContainerItemProxy */ = {
			isa = PBXContainerItemProxy;
			containerPortal = FF8D020F1BDF58AE001CE04C /* Project object */;
			proxyType = 1;
			remoteGlobalIDString = FF8D02161BDF58AE001CE04C;
			remoteInfo = QRScanner;
		};
/* End PBXContainerItemProxy section */

/* Begin PBXFileReference section */
		FF8D02171BDF58AE001CE04C /* QRScanner.app */ = {isa = PBXFileReference; explicitFileType = wrapper.application; includeInIndex = 0; path = QRScanner.app; sourceTree = BUILT_PRODUCTS_DIR; };
		FF8D021B1BDF58AE001CE04C /* Info.plist */ = {isa = PBXFileReference; lastKnownFileType = text.plist.xml; path = Info.plist; sourceTree = "<group>"; };
		FF8D021C1BDF58AE001CE04C /* AppDelegate.swift */ = {isa = PBXFileReference; lastKnownFileType = sourcecode.swift; path = AppDelegate.swift; sourceTree = "<group>"; };
		FF8D021E1BDF58AE001CE04C /* ViewController.swift */ = {isa = PBXFileReference; lastKnownFileType = sourcecode.swift; path = ViewController.swift; sourceTree = "<group>"; };
		FF8D02211BDF58AE001CE04C /* Base */ = {isa = PBXFileReference; lastKnownFileType = file.storyboard; name = Base; path = Base.lproj/Main.storyboard; sourceTree = "<group>"; };
		FF8D02231BDF58AE001CE04C /* Images.xcassets */ = {isa = PBXFileReference; lastKnownFileType = folder.assetcatalog; path = Images.xcassets; sourceTree = "<group>"; };
		FF8D02261BDF58AE001CE04C /* Base */ = {isa = PBXFileReference; lastKnownFileType = file.xib; name = Base; path = Base.lproj/LaunchScreen.xib; sourceTree = "<group>"; };
		FF8D022C1BDF58AE001CE04C /* QRScannerTests.xctest */ = {isa = PBXFileReference; explicitFileType = wrapper.cfbundle; includeInIndex = 0; path = QRScannerTests.xctest; sourceTree = BUILT_PRODUCTS_DIR; };
		FF8D02311BDF58AE001CE04C /* Info.plist */ = {isa = PBXFileReference; lastKnownFileType = text.plist.xml; path = Info.plist; sourceTree = "<group>"; };
		FF8D02321BDF58AE001CE04C /* QRScannerTests.swift */ = {isa = PBXFileReference; lastKnownFileType = sourcecode.swift; path = QRScannerTests.swift; sourceTree = "<group>"; };
/* End PBXFileReference section */

/* Begin PBXFrameworksBuildPhase section */
		FF8D02141BDF58AE001CE04C /* Frameworks */ = {
			isa = PBXFrameworksBuildPhase;
			buildActionMask = 2147483647;
			files = (
			);
			runOnlyForDeploymentPostprocessing = 0;
		};
		FF8D02291BDF58AE001CE04C /* Frameworks */ = {
			isa = PBXFrameworksBuildPhase;
			buildActionMask = 2147483647;
			files = (
			);
			runOnlyForDeploymentPostprocessing = 0;
		};
/* End PBXFrameworksBuildPhase section */

/* Begin PBXGroup section */
		FF8D020E1BDF58AE001CE04C = {
			isa = PBXGroup;
			children = (
				FF8D02191BDF58AE001CE04C /* QRScanner */,
				FF8D022F1BDF58AE001CE04C /* QRScannerTests */,
				FF8D02181BDF58AE001CE04C /* Products */,
			);
			sourceTree = "<group>";
		};
		FF8D02181BDF58AE001CE04C /* Products */ = {
			isa = PBXGroup;
			children = (
				FF8D02171BDF58AE001CE04C /* QRScanner.app */,
				FF8D022C1BDF58AE001CE04C /* QRScannerTests.xctest */,
			);
			name = Products;
			sourceTree = "<group>";
		};
		FF8D02191BDF58AE001CE04C /* QRScanner */ = {
			isa = PBXGroup;
			children = (
				FF8D021C1BDF58AE001CE04C /* AppDelegate.swift */,
				FF8D021E1BDF58AE001CE04C /* ViewController.swift */,
				FF8D02201BDF58AE001CE04C /* Main.storyboard */,
				FF8D02231BDF58AE001CE04C /* Images.xcassets */,
				FF8D02251BDF58AE001CE04C /* LaunchScreen.xib */,
				FF8D021A1BDF58AE001CE04C /* Supporting Files */,
			);
			path = QRScanner;
			sourceTree = "<group>";
		};
		FF8D021A1BDF58AE001CE04C /* Supporting Files */ = {
			isa = PBXGroup;
			children = (
				FF8D021B1BDF58AE001CE04C /* Info.plist */,
			);
			name = "Supporting Files";
			sourceTree = "<group>";
		};
		FF8D022F1BDF58AE001CE04C /* QRScannerTests */ = {
			isa = PBXGroup;
			children = (
				FF8D02321BDF58AE001CE04C /* QRScannerTests.swift */,
				FF8D02301BDF58AE001CE04C /* Supporting Files */,
			);
			path = QRScannerTests;
			sourceTree = "<group>";
		};
		FF8D02301BDF58AE001CE04C /* Supporting Files */ = {
			isa = PBXGroup;
			children = (
				FF8D02311BDF58AE001CE04C /* Info.plist */,
			);
			name = "Supporting Files";
			sourceTree = "<group>";
		};
/* End PBXGroup section */

/* Begin PBXNativeTarget section */
		FF8D02161BDF58AE001CE04C /* QRScanner */ = {
			isa = PBXNativeTarget;
			buildConfigurationList = FF8D02361BDF58AE001CE04C /* Build configuration list for PBXNativeTarget "QRScanner" */;
			buildPhases = (
				FF8D02131BDF58AE001CE04C /* Sources */,
				FF8D02141BDF58AE001CE04C /* Frameworks */,
				FF8D02151BDF58AE001CE04C /* Resources */,
			);
			buildRules = (
			);
			dependencies = (
			);
			name = QRScanner;
			productName = QRScanner;
			productReference = FF8D02171BDF58AE001CE04C /* QRScanner.app */;
			productType = "com.apple.product-type.application";
		};
		FF8D022B1BDF58AE001CE04C /* QRScannerTests */ = {
			isa = PBXNativeTarget;
			buildConfigurationList = FF8D02391BDF58AE001CE04C /* Build configuration list for PBXNativeTarget "QRScannerTests" */;
			buildPhases = (
				FF8D02281BDF58AE001CE04C /* Sources */,
				FF8D02291BDF58AE001CE04C /* Frameworks */,
				FF8D022A1BDF58AE001CE04C /* Resources */,
			);
			buildRules = (
			);
			dependencies = (
				FF8D022E1BDF58AE001CE04C /* PBXTargetDependency */,
			);
			name = QRScannerTests;
			productName = QRScannerTests;
			productReference = FF8D022C1BDF58AE001CE04C /* QRScannerTests.xctest */;
			productType = "com.apple.product-type.bundle.unit-test";
		};
/* End PBXNativeTarget section */

/* Begin PBXProject section */
		FF8D020F1BDF58AE001CE04C /* Project object */ = {
			isa = PBXProject;
			attributes = {
				LastUpgradeCheck = 0640;
				ORGANIZATIONNAME = "Gemini-iMac2";
				TargetAttributes = {
					FF8D02161BDF58AE001CE04C = {
						CreatedOnToolsVersion = 6.4;
					};
					FF8D022B1BDF58AE001CE04C = {
						CreatedOnToolsVersion = 6.4;
						TestTargetID = FF8D02161BDF58AE001CE04C;
					};
				};
			};
			buildConfigurationList = FF8D02121BDF58AE001CE04C /* Build configuration list for PBXProject "QRScanner" */;
			compatibilityVersion = "Xcode 3.2";
			developmentRegion = English;
			hasScannedForEncodings = 0;
			knownRegions = (
				en,
				Base,
			);
			mainGroup = FF8D020E1BDF58AE001CE04C;
			productRefGroup = FF8D02181BDF58AE001CE04C /* Products */;
			projectDirPath = "";
			projectRoot = "";
			targets = (
				FF8D02161BDF58AE001CE04C /* QRScanner */,
				FF8D022B1BDF58AE001CE04C /* QRScannerTests */,
			);
		};
/* End PBXProject section */

/* Begin PBXResourcesBuildPhase section */
		FF8D02151BDF58AE001CE04C /* Resources */ = {
			isa = PBXResourcesBuildPhase;
			buildActionMask = 2147483647;
			files = (
				FF8D02221BDF58AE001CE04C /* Main.storyboard in Resources */,
				FF8D02271BDF58AE001CE04C /* LaunchScreen.xib in Resources */,
				FF8D02241BDF58AE001CE04C /* Images.xcassets in Resources */,
			);
			runOnlyForDeploymentPostprocessing = 0;
		};
		FF8D022A1BDF58AE001CE04C /* Resources */ = {
			isa = PBXResourcesBuildPhase;
			buildActionMask = 2147483647;
			files = (
			);
			runOnlyForDeploymentPostprocessing = 0;
		};
/* End PBXResourcesBuildPhase section */

/* Begin PBXSourcesBuildPhase section */
		FF8D02131BDF58AE001CE04C /* Sources */ = {
			isa = PBXSourcesBuildPhase;
			buildActionMask = 2147483647;
			files = (
				FF8D021F1BDF58AE001CE04C /* ViewController.swift in Sources */,
				FF8D021D1BDF58AE001CE04C /* AppDelegate.swift in Sources */,
			);
			runOnlyForDeploymentPostprocessing = 0;
		};
		FF8D02281BDF58AE001CE04C /* Sources */ = {
			isa = PBXSourcesBuildPhase;
			buildActionMask = 2147483647;
			files = (
				FF8D02331BDF58AE001CE04C /* QRScannerTests.swift in Sources */,
			);
			runOnlyForDeploymentPostprocessing = 0;
		};
/* End PBXSourcesBuildPhase section */

/* Begin PBXTargetDependency section */
		FF8D022E1BDF58AE001CE04C /* PBXTargetDependency */ = {
			isa = PBXTargetDependency;
			target = FF8D02161BDF58AE001CE04C /* QRScanner */;
			targetProxy = FF8D022D1BDF58AE001CE04C /* PBXContainerItemProxy */;
		};
/* End PBXTargetDependency section */

/* Begin PBXVariantGroup section */
		FF8D02201BDF58AE001CE04C /* Main.storyboard */ = {
			isa = PBXVariantGroup;
			children = (
				FF8D02211BDF58AE001CE04C /* Base */,
			);
			name = Main.storyboard;
			sourceTree = "<group>";
		};
		FF8D02251BDF58AE001CE04C /* LaunchScreen.xib */ = {
			isa = PBXVariantGroup;
			children = (
				FF8D02261BDF58AE001CE04C /* Base */,
			);
			name = LaunchScreen.xib;
			sourceTree = "<group>";
		};
/* End PBXVariantGroup section */

/* Begin XCBuildConfiguration section */
		FF8D02341BDF58AE001CE04C /* Debug */ = {
			isa = XCBuildConfiguration;
			buildSettings = {
				ALWAYS_SEARCH_USER_PATHS = NO;
				CLANG_CXX_LANGUAGE_STANDARD = "gnu++0x";
				CLANG_CXX_LIBRARY = "libc++";
				CLANG_ENABLE_MODULES = YES;
				CLANG_ENABLE_OBJC_ARC = YES;
				CLANG_WARN_BOOL_CONVERSION = YES;
				CLANG_WARN_CONSTANT_CONVERSION = YES;
				CLANG_WARN_DIRECT_OBJC_ISA_USAGE = YES_ERROR;
				CLANG_WARN_EMPTY_BODY = YES;
				CLANG_WARN_ENUM_CONVERSION = YES;
				CLANG_WARN_INT_CONVERSION = YES;
				CLANG_WARN_OBJC_ROOT_CLASS = YES_ERROR;
				CLANG_WARN_UNREACHABLE_CODE = YES;
				CLANG_WARN__DUPLICATE_METHOD_MATCH = YES;
				"CODE_SIGN_IDENTITY[sdk=iphoneos*]" = "iPhone Developer";
				COPY_PHASE_STRIP = NO;
				DEBUG_INFORMATION_FORMAT = "dwarf-with-dsym";
				ENABLE_STRICT_OBJC_MSGSEND = YES;
				GCC_C_LANGUAGE_STANDARD = gnu99;
				GCC_DYNAMIC_NO_PIC = NO;
				GCC_NO_COMMON_BLOCKS = YES;
				GCC_OPTIMIZATION_LEVEL = 0;
				GCC_PREPROCESSOR_DEFINITIONS = (
					"DEBUG=1",
					"$(inherited)",
				);
				GCC_SYMBOLS_PRIVATE_EXTERN = NO;
				GCC_WARN_64_TO_32_BIT_CONVERSION = YES;
				GCC_WARN_ABOUT_RETURN_TYPE = YES_ERROR;
				GCC_WARN_UNDECLARED_SELECTOR = YES;
				GCC_WARN_UNINITIALIZED_AUTOS = YES_AGGRESSIVE;
				GCC_WARN_UNUSED_FUNCTION = YES;
				GCC_WARN_UNUSED_VARIABLE = YES;
				IPHONEOS_DEPLOYMENT_TARGET = 8.4;
				MTL_ENABLE_DEBUG_INFO = YES;
				ONLY_ACTIVE_ARCH = YES;
				SDKROOT = iphoneos;
				SWIFT_OPTIMIZATION_LEVEL = "-Onone";
			};
			name = Debug;
		};
		FF8D02351BDF58AE001CE04C /* Release */ = {
			isa = XCBuildConfiguration;
			buildSettings = {
				ALWAYS_SEARCH_USER_PATHS = NO;
				CLANG_CXX_LANGUAGE_STANDARD = "gnu++0x";
				CLANG_CXX_LIBRARY = "libc++";
				CLANG_ENABLE_MODULES = YES;
				CLANG_ENABLE_OBJC_ARC = YES;
				CLANG_WARN_BOOL_CONVERSION = YES;
				CLANG_WARN_CONSTANT_CONVERSION = YES;
				CLANG_WARN_DIRECT_OBJC_ISA_USAGE = YES_ERROR;
				CLANG_WARN_EMPTY_BODY = YES;
				CLANG_WARN_ENUM_CONVERSION = YES;
				CLANG_WARN_INT_CONVERSION = YES;
				CLANG_WARN_OBJC_ROOT_CLASS = YES_ERROR;
				CLANG_WARN_UNREACHABLE_CODE = YES;
				CLANG_WARN__DUPLICATE_METHOD_MATCH = YES;
				"CODE_SIGN_IDENTITY[sdk=iphoneos*]" = "iPhone Developer";
				COPY_PHASE_STRIP = NO;
				DEBUG_INFORMATION_FORMAT = "dwarf-with-dsym";
				ENABLE_NS_ASSERTIONS = NO;
				ENABLE_STRICT_OBJC_MSGSEND = YES;
				GCC_C_LANGUAGE_STANDARD = gnu99;
				GCC_NO_COMMON_BLOCKS = YES;
				GCC_WARN_64_TO_32_BIT_CONVERSION = YES;
				GCC_WARN_ABOUT_RETURN_TYPE = YES_ERROR;
				GCC_WARN_UNDECLARED_SELECTOR = YES;
				GCC_WARN_UNINITIALIZED_AUTOS = YES_AGGRESSIVE;
				GCC_WARN_UNUSED_FUNCTION = YES;
				GCC_WARN_UNUSED_VARIABLE = YES;
				IPHONEOS_DEPLOYMENT_TARGET = 8.4;
				MTL_ENABLE_DEBUG_INFO = NO;
				SDKROOT = iphoneos;
				VALIDATE_PRODUCT = YES;
			};
			name = Release;
		};
		FF8D02371BDF58AE001CE04C /* Debug */ = {
			isa = XCBuildConfiguration;
			buildSettings = {
				ASSETCATALOG_COMPILER_APPICON_NAME = AppIcon;
				INFOPLIST_FILE = QRScanner/Info.plist;
				LD_RUNPATH_SEARCH_PATHS = "$(inherited) @executable_path/Frameworks";
				PRODUCT_NAME = "$(TARGET_NAME)";
			};
			name = Debug;
		};
		FF8D02381BDF58AE001CE04C /* Release */ = {
			isa = XCBuildConfiguration;
			buildSettings = {
				ASSETCATALOG_COMPILER_APPICON_NAME = AppIcon;
				INFOPLIST_FILE = QRScanner/Info.plist;
				LD_RUNPATH_SEARCH_PATHS = "$(inherited) @executable_path/Frameworks";
				PRODUCT_NAME = "$(TARGET_NAME)";
			};
			name = Release;
		};
		FF8D023A1BDF58AE001CE04C /* Debug */ = {
			isa = XCBuildConfiguration;
			buildSettings = {
				BUNDLE_LOADER = "$(TEST_HOST)";
				FRAMEWORK_SEARCH_PATHS = (
					"$(SDKROOT)/Developer/Library/Frameworks",
					"$(inherited)",
				);
				GCC_PREPROCESSOR_DEFINITIONS = (
					"DEBUG=1",
					"$(inherited)",
				);
				INFOPLIST_FILE = QRScannerTests/Info.plist;
				LD_RUNPATH_SEARCH_PATHS = "$(inherited) @executable_path/Frameworks @loader_path/Frameworks";
				PRODUCT_NAME = "$(TARGET_NAME)";
				TEST_HOST = "$(BUILT_PRODUCTS_DIR)/QRScanner.app/QRScanner";
			};
			name = Debug;
		};
		FF8D023B1BDF58AE001CE04C /* Release */ = {
			isa = XCBuildConfiguration;
			buildSettings = {
				BUNDLE_LOADER = "$(TEST_HOST)";
				FRAMEWORK_SEARCH_PATHS = (
					"$(SDKROOT)/Developer/Library/Frameworks",
					"$(inherited)",
				);
				INFOPLIST_FILE = QRScannerTests/Info.plist;
				LD_RUNPATH_SEARCH_PATHS = "$(inherited) @executable_path/Frameworks @loader_path/Frameworks";
				PRODUCT_NAME = "$(TARGET_NAME)";
				TEST_HOST = "$(BUILT_PRODUCTS_DIR)/QRScanner.app/QRScanner";
			};
			name = Release;
		};
/* End XCBuildConfiguration section */

/* Begin XCConfigurationList section */
		FF8D02121BDF58AE001CE04C /* Build configuration list for PBXProject "QRScanner" */ = {
			isa = XCConfigurationList;
			buildConfigurations = (
				FF8D02341BDF58AE001CE04C /* Debug */,
				FF8D02351BDF58AE001CE04C /* Release */,
			);
			defaultConfigurationIsVisible = 0;
			defaultConfigurationName = Release;
		};
		FF8D02361BDF58AE001CE04C /* Build configuration list for PBXNativeTarget "QRScanner" */ = {
			isa = XCConfigurationList;
			buildConfigurations = (
				FF8D02371BDF58AE001CE04C /* Debug */,
				FF8D02381BDF58AE001CE04C /* Release */,
			);
			defaultConfigurationIsVisible = 0;
		};
		FF8D02391BDF58AE001CE04C /* Build configuration list for PBXNativeTarget "QRScannerTests" */ = {
			isa = XCConfigurationList;
			buildConfigurations = (
				FF8D023A1BDF58AE001CE04C /* Debug */,
				FF8D023B1BDF58AE001CE04C /* Release */,
			);
			defaultConfigurationIsVisible = 0;
		};
/* End XCConfigurationList section */
	};
	rootObject = FF8D020F1BDF58AE001CE04C /* Project object */;
}
