// !$*UTF8*$!
{
	archiveVersion = 1;
	classes = {
	};
	objectVersion = 46;
	objects = {

/* Begin PBXBuildFile section */
		FF49A3C31B060E250086E1C9 /* main.m in Sources */ = {isa = PBXBuildFile; fileRef = FF49A3C21B060E250086E1C9 /* main.m */; };
		FF49A3C61B060E250086E1C9 /* AppDelegate.m in Sources */ = {isa = PBXBuildFile; fileRef = FF49A3C51B060E250086E1C9 /* AppDelegate.m */; };
		FF49A3C91B060E250086E1C9 /* ViewController.m in Sources */ = {isa = PBXBuildFile; fileRef = FF49A3C81B060E250086E1C9 /* ViewController.m */; };
		FF49A3CC1B060E250086E1C9 /* Main.storyboard in Resources */ = {isa = PBXBuildFile; fileRef = FF49A3CA1B060E250086E1C9 /* Main.storyboard */; };
		FF49A3CE1B060E250086E1C9 /* Images.xcassets in Resources */ = {isa = PBXBuildFile; fileRef = FF49A3CD1B060E250086E1C9 /* Images.xcassets */; };
		FF49A3D11B060E250086E1C9 /* LaunchScreen.xib in Resources */ = {isa = PBXBuildFile; fileRef = FF49A3CF1B060E250086E1C9 /* LaunchScreen.xib */; };
		FF49A3DD1B060E250086E1C9 /* GoogleLoginUsingSDKTests.m in Sources */ = {isa = PBXBuildFile; fileRef = FF49A3DC1B060E250086E1C9 /* GoogleLoginUsingSDKTests.m */; };
		FF49A3E71B060EE70086E1C9 /* AddressBook.framework in Frameworks */ = {isa = PBXBuildFile; fileRef = FF49A3E61B060EE70086E1C9 /* AddressBook.framework */; };
		FF49A3E91B060EEC0086E1C9 /* AssetsLibrary.framework in Frameworks */ = {isa = PBXBuildFile; fileRef = FF49A3E81B060EEC0086E1C9 /* AssetsLibrary.framework */; };
		FF49A3EB1B060EF10086E1C9 /* Foundation.framework in Frameworks */ = {isa = PBXBuildFile; fileRef = FF49A3EA1B060EF10086E1C9 /* Foundation.framework */; };
		FF49A3ED1B060EFE0086E1C9 /* CoreLocation.framework in Frameworks */ = {isa = PBXBuildFile; fileRef = FF49A3EC1B060EFE0086E1C9 /* CoreLocation.framework */; };
		FF49A3EF1B060F050086E1C9 /* CoreGraphics.framework in Frameworks */ = {isa = PBXBuildFile; fileRef = FF49A3EE1B060F050086E1C9 /* CoreGraphics.framework */; };
		FF49A3F11B060F0B0086E1C9 /* CoreText.framework in Frameworks */ = {isa = PBXBuildFile; fileRef = FF49A3F01B060F0B0086E1C9 /* CoreText.framework */; };
		FF49A3F31B060F170086E1C9 /* CoreMotion.framework in Frameworks */ = {isa = PBXBuildFile; fileRef = FF49A3F21B060F170086E1C9 /* CoreMotion.framework */; };
		FF49A3F51B060F250086E1C9 /* MediaPlayer.framework in Frameworks */ = {isa = PBXBuildFile; fileRef = FF49A3F41B060F250086E1C9 /* MediaPlayer.framework */; };
		FF49A3F71B060F2D0086E1C9 /* SystemConfiguration.framework in Frameworks */ = {isa = PBXBuildFile; fileRef = FF49A3F61B060F2D0086E1C9 /* SystemConfiguration.framework */; };
		FF49A3F91B060F370086E1C9 /* Security.framework in Frameworks */ = {isa = PBXBuildFile; fileRef = FF49A3F81B060F370086E1C9 /* Security.framework */; };
		FF49A3FB1B060F3D0086E1C9 /* UIKit.framework in Frameworks */ = {isa = PBXBuildFile; fileRef = FF49A3FA1B060F3D0086E1C9 /* UIKit.framework */; };
		FF49A3FE1B060F6C0086E1C9 /* GoogleOpenSource.framework in Frameworks */ = {isa = PBXBuildFile; fileRef = FF49A3FC1B060F6C0086E1C9 /* GoogleOpenSource.framework */; };
		FF49A3FF1B060F6C0086E1C9 /* GooglePlus.framework in Frameworks */ = {isa = PBXBuildFile; fileRef = FF49A3FD1B060F6C0086E1C9 /* GooglePlus.framework */; };
		FF49A4011B060FB40086E1C9 /* GooglePlus.bundle in Resources */ = {isa = PBXBuildFile; fileRef = FF49A4001B060FB40086E1C9 /* GooglePlus.bundle */; };
		FF5FA9771B1711FC001DA46B /* ShareViewController.m in Sources */ = {isa = PBXBuildFile; fileRef = FF5FA9761B1711FC001DA46B /* ShareViewController.m */; };
		FF5FA97E1B171A2A001DA46B /* CustomActivity.m in Sources */ = {isa = PBXBuildFile; fileRef = FF5FA97B1B171A2A001DA46B /* CustomActivity.m */; };
		FF5FA97F1B171A2A001DA46B /* ItemProvider.m in Sources */ = {isa = PBXBuildFile; fileRef = FF5FA97D1B171A2A001DA46B /* ItemProvider.m */; };
/* End PBXBuildFile section */

/* Begin PBXContainerItemProxy section */
		FF49A3D71B060E250086E1C9 /* PBXContainerItemProxy */ = {
			isa = PBXContainerItemProxy;
			containerPortal = FF49A3B51B060E250086E1C9 /* Project object */;
			proxyType = 1;
			remoteGlobalIDString = FF49A3BC1B060E250086E1C9;
			remoteInfo = GoogleLoginUsingSDK;
		};
/* End PBXContainerItemProxy section */

/* Begin PBXFileReference section */
		FF49A3BD1B060E250086E1C9 /* GoogleLoginUsingSDK.app */ = {isa = PBXFileReference; explicitFileType = wrapper.application; includeInIndex = 0; path = GoogleLoginUsingSDK.app; sourceTree = BUILT_PRODUCTS_DIR; };
		FF49A3C11B060E250086E1C9 /* Info.plist */ = {isa = PBXFileReference; lastKnownFileType = text.plist.xml; path = Info.plist; sourceTree = "<group>"; };
		FF49A3C21B060E250086E1C9 /* main.m */ = {isa = PBXFileReference; lastKnownFileType = sourcecode.c.objc; path = main.m; sourceTree = "<group>"; };
		FF49A3C41B060E250086E1C9 /* AppDelegate.h */ = {isa = PBXFileReference; lastKnownFileType = sourcecode.c.h; path = AppDelegate.h; sourceTree = "<group>"; };
		FF49A3C51B060E250086E1C9 /* AppDelegate.m */ = {isa = PBXFileReference; lastKnownFileType = sourcecode.c.objc; path = AppDelegate.m; sourceTree = "<group>"; };
		FF49A3C71B060E250086E1C9 /* ViewController.h */ = {isa = PBXFileReference; lastKnownFileType = sourcecode.c.h; path = ViewController.h; sourceTree = "<group>"; };
		FF49A3C81B060E250086E1C9 /* ViewController.m */ = {isa = PBXFileReference; lastKnownFileType = sourcecode.c.objc; path = ViewController.m; sourceTree = "<group>"; };
		FF49A3CB1B060E250086E1C9 /* Base */ = {isa = PBXFileReference; lastKnownFileType = file.storyboard; name = Base; path = Base.lproj/Main.storyboard; sourceTree = "<group>"; };
		FF49A3CD1B060E250086E1C9 /* Images.xcassets */ = {isa = PBXFileReference; lastKnownFileType = folder.assetcatalog; path = Images.xcassets; sourceTree = "<group>"; };
		FF49A3D01B060E250086E1C9 /* Base */ = {isa = PBXFileReference; lastKnownFileType = file.xib; name = Base; path = Base.lproj/LaunchScreen.xib; sourceTree = "<group>"; };
		FF49A3D61B060E250086E1C9 /* GoogleLoginUsingSDKTests.xctest */ = {isa = PBXFileReference; explicitFileType = wrapper.cfbundle; includeInIndex = 0; path = GoogleLoginUsingSDKTests.xctest; sourceTree = BUILT_PRODUCTS_DIR; };
		FF49A3DB1B060E250086E1C9 /* Info.plist */ = {isa = PBXFileReference; lastKnownFileType = text.plist.xml; path = Info.plist; sourceTree = "<group>"; };
		FF49A3DC1B060E250086E1C9 /* GoogleLoginUsingSDKTests.m */ = {isa = PBXFileReference; lastKnownFileType = sourcecode.c.objc; path = GoogleLoginUsingSDKTests.m; sourceTree = "<group>"; };
		FF49A3E61B060EE70086E1C9 /* AddressBook.framework */ = {isa = PBXFileReference; lastKnownFileType = wrapper.framework; name = AddressBook.framework; path = System/Library/Frameworks/AddressBook.framework; sourceTree = SDKROOT; };
		FF49A3E81B060EEC0086E1C9 /* AssetsLibrary.framework */ = {isa = PBXFileReference; lastKnownFileType = wrapper.framework; name = AssetsLibrary.framework; path = System/Library/Frameworks/AssetsLibrary.framework; sourceTree = SDKROOT; };
		FF49A3EA1B060EF10086E1C9 /* Foundation.framework */ = {isa = PBXFileReference; lastKnownFileType = wrapper.framework; name = Foundation.framework; path = System/Library/Frameworks/Foundation.framework; sourceTree = SDKROOT; };
		FF49A3EC1B060EFE0086E1C9 /* CoreLocation.framework */ = {isa = PBXFileReference; lastKnownFileType = wrapper.framework; name = CoreLocation.framework; path = System/Library/Frameworks/CoreLocation.framework; sourceTree = SDKROOT; };
		FF49A3EE1B060F050086E1C9 /* CoreGraphics.framework */ = {isa = PBXFileReference; lastKnownFileType = wrapper.framework; name = CoreGraphics.framework; path = System/Library/Frameworks/CoreGraphics.framework; sourceTree = SDKROOT; };
		FF49A3F01B060F0B0086E1C9 /* CoreText.framework */ = {isa = PBXFileReference; lastKnownFileType = wrapper.framework; name = CoreText.framework; path = System/Library/Frameworks/CoreText.framework; sourceTree = SDKROOT; };
		FF49A3F21B060F170086E1C9 /* CoreMotion.framework */ = {isa = PBXFileReference; lastKnownFileType = wrapper.framework; name = CoreMotion.framework; path = System/Library/Frameworks/CoreMotion.framework; sourceTree = SDKROOT; };
		FF49A3F41B060F250086E1C9 /* MediaPlayer.framework */ = {isa = PBXFileReference; lastKnownFileType = wrapper.framework; name = MediaPlayer.framework; path = System/Library/Frameworks/MediaPlayer.framework; sourceTree = SDKROOT; };
		FF49A3F61B060F2D0086E1C9 /* SystemConfiguration.framework */ = {isa = PBXFileReference; lastKnownFileType = wrapper.framework; name = SystemConfiguration.framework; path = System/Library/Frameworks/SystemConfiguration.framework; sourceTree = SDKROOT; };
		FF49A3F81B060F370086E1C9 /* Security.framework */ = {isa = PBXFileReference; lastKnownFileType = wrapper.framework; name = Security.framework; path = System/Library/Frameworks/Security.framework; sourceTree = SDKROOT; };
		FF49A3FA1B060F3D0086E1C9 /* UIKit.framework */ = {isa = PBXFileReference; lastKnownFileType = wrapper.framework; name = UIKit.framework; path = System/Library/Frameworks/UIKit.framework; sourceTree = SDKROOT; };
		FF49A3FC1B060F6C0086E1C9 /* GoogleOpenSource.framework */ = {isa = PBXFileReference; lastKnownFileType = wrapper.framework; name = GoogleOpenSource.framework; path = "../../../Downloads/google-plus-ios-sdk-1.7.1/GoogleOpenSource.framework"; sourceTree = "<group>"; };
		FF49A3FD1B060F6C0086E1C9 /* GooglePlus.framework */ = {isa = PBXFileReference; lastKnownFileType = wrapper.framework; name = GooglePlus.framework; path = "../../../Downloads/google-plus-ios-sdk-1.7.1/GooglePlus.framework"; sourceTree = "<group>"; };
		FF49A4001B060FB40086E1C9 /* GooglePlus.bundle */ = {isa = PBXFileReference; lastKnownFileType = "wrapper.plug-in"; name = GooglePlus.bundle; path = "../../../Downloads/google-plus-ios-sdk-1.7.1/GooglePlus.bundle"; sourceTree = "<group>"; };
		FF5FA9751B1711FC001DA46B /* ShareViewController.h */ = {isa = PBXFileReference; fileEncoding = 4; lastKnownFileType = sourcecode.c.h; path = ShareViewController.h; sourceTree = "<group>"; };
		FF5FA9761B1711FC001DA46B /* ShareViewController.m */ = {isa = PBXFileReference; fileEncoding = 4; lastKnownFileType = sourcecode.c.objc; path = ShareViewController.m; sourceTree = "<group>"; };
		FF5FA97A1B171A2A001DA46B /* CustomActivity.h */ = {isa = PBXFileReference; fileEncoding = 4; lastKnownFileType = sourcecode.c.h; path = CustomActivity.h; sourceTree = "<group>"; };
		FF5FA97B1B171A2A001DA46B /* CustomActivity.m */ = {isa = PBXFileReference; fileEncoding = 4; lastKnownFileType = sourcecode.c.objc; path = CustomActivity.m; sourceTree = "<group>"; };
		FF5FA97C1B171A2A001DA46B /* ItemProvider.h */ = {isa = PBXFileReference; fileEncoding = 4; lastKnownFileType = sourcecode.c.h; path = ItemProvider.h; sourceTree = "<group>"; };
		FF5FA97D1B171A2A001DA46B /* ItemProvider.m */ = {isa = PBXFileReference; fileEncoding = 4; lastKnownFileType = sourcecode.c.objc; path = ItemProvider.m; sourceTree = "<group>"; };
/* End PBXFileReference section */

/* Begin PBXFrameworksBuildPhase section */
		FF49A3BA1B060E250086E1C9 /* Frameworks */ = {
			isa = PBXFrameworksBuildPhase;
			buildActionMask = 2147483647;
			files = (
				FF49A3FE1B060F6C0086E1C9 /* GoogleOpenSource.framework in Frameworks */,
				FF49A3FF1B060F6C0086E1C9 /* GooglePlus.framework in Frameworks */,
				FF49A3FB1B060F3D0086E1C9 /* UIKit.framework in Frameworks */,
				FF49A3F91B060F370086E1C9 /* Security.framework in Frameworks */,
				FF49A3F71B060F2D0086E1C9 /* SystemConfiguration.framework in Frameworks */,
				FF49A3F51B060F250086E1C9 /* MediaPlayer.framework in Frameworks */,
				FF49A3F31B060F170086E1C9 /* CoreMotion.framework in Frameworks */,
				FF49A3F11B060F0B0086E1C9 /* CoreText.framework in Frameworks */,
				FF49A3EF1B060F050086E1C9 /* CoreGraphics.framework in Frameworks */,
				FF49A3ED1B060EFE0086E1C9 /* CoreLocation.framework in Frameworks */,
				FF49A3EB1B060EF10086E1C9 /* Foundation.framework in Frameworks */,
				FF49A3E91B060EEC0086E1C9 /* AssetsLibrary.framework in Frameworks */,
				FF49A3E71B060EE70086E1C9 /* AddressBook.framework in Frameworks */,
			);
			runOnlyForDeploymentPostprocessing = 0;
		};
		FF49A3D31B060E250086E1C9 /* Frameworks */ = {
			isa = PBXFrameworksBuildPhase;
			buildActionMask = 2147483647;
			files = (
			);
			runOnlyForDeploymentPostprocessing = 0;
		};
/* End PBXFrameworksBuildPhase section */

/* Begin PBXGroup section */
		FF49A3B41B060E250086E1C9 = {
			isa = PBXGroup;
			children = (
				FF98D6441B09F106005AC717 /* FrameWorks */,
				FF49A3BF1B060E250086E1C9 /* GoogleLoginUsingSDK */,
				FF49A3D91B060E250086E1C9 /* GoogleLoginUsingSDKTests */,
				FF49A3BE1B060E250086E1C9 /* Products */,
			);
			sourceTree = "<group>";
		};
		FF49A3BE1B060E250086E1C9 /* Products */ = {
			isa = PBXGroup;
			children = (
				FF49A3BD1B060E250086E1C9 /* GoogleLoginUsingSDK.app */,
				FF49A3D61B060E250086E1C9 /* GoogleLoginUsingSDKTests.xctest */,
			);
			name = Products;
			sourceTree = "<group>";
		};
		FF49A3BF1B060E250086E1C9 /* GoogleLoginUsingSDK */ = {
			isa = PBXGroup;
			children = (
				FF5FA97A1B171A2A001DA46B /* CustomActivity.h */,
				FF5FA97B1B171A2A001DA46B /* CustomActivity.m */,
				FF5FA97C1B171A2A001DA46B /* ItemProvider.h */,
				FF5FA97D1B171A2A001DA46B /* ItemProvider.m */,
				FF49A3C41B060E250086E1C9 /* AppDelegate.h */,
				FF49A3C51B060E250086E1C9 /* AppDelegate.m */,
				FF49A3C71B060E250086E1C9 /* ViewController.h */,
				FF49A3C81B060E250086E1C9 /* ViewController.m */,
				FF5FA9751B1711FC001DA46B /* ShareViewController.h */,
				FF5FA9761B1711FC001DA46B /* ShareViewController.m */,
				FF49A3CA1B060E250086E1C9 /* Main.storyboard */,
				FF49A3CD1B060E250086E1C9 /* Images.xcassets */,
				FF49A3CF1B060E250086E1C9 /* LaunchScreen.xib */,
				FF49A3C01B060E250086E1C9 /* Supporting Files */,
			);
			path = GoogleLoginUsingSDK;
			sourceTree = "<group>";
		};
		FF49A3C01B060E250086E1C9 /* Supporting Files */ = {
			isa = PBXGroup;
			children = (
				FF49A3C11B060E250086E1C9 /* Info.plist */,
				FF49A3C21B060E250086E1C9 /* main.m */,
			);
			name = "Supporting Files";
			sourceTree = "<group>";
		};
		FF49A3D91B060E250086E1C9 /* GoogleLoginUsingSDKTests */ = {
			isa = PBXGroup;
			children = (
				FF49A3DC1B060E250086E1C9 /* GoogleLoginUsingSDKTests.m */,
				FF49A3DA1B060E250086E1C9 /* Supporting Files */,
			);
			path = GoogleLoginUsingSDKTests;
			sourceTree = "<group>";
		};
		FF49A3DA1B060E250086E1C9 /* Supporting Files */ = {
			isa = PBXGroup;
			children = (
				FF49A3DB1B060E250086E1C9 /* Info.plist */,
			);
			name = "Supporting Files";
			sourceTree = "<group>";
		};
		FF98D6441B09F106005AC717 /* FrameWorks */ = {
			isa = PBXGroup;
			children = (
				FF49A4001B060FB40086E1C9 /* GooglePlus.bundle */,
				FF49A3FC1B060F6C0086E1C9 /* GoogleOpenSource.framework */,
				FF49A3FD1B060F6C0086E1C9 /* GooglePlus.framework */,
				FF49A3FA1B060F3D0086E1C9 /* UIKit.framework */,
				FF49A3F81B060F370086E1C9 /* Security.framework */,
				FF49A3F61B060F2D0086E1C9 /* SystemConfiguration.framework */,
				FF49A3F41B060F250086E1C9 /* MediaPlayer.framework */,
				FF49A3F21B060F170086E1C9 /* CoreMotion.framework */,
				FF49A3F01B060F0B0086E1C9 /* CoreText.framework */,
				FF49A3EE1B060F050086E1C9 /* CoreGraphics.framework */,
				FF49A3EC1B060EFE0086E1C9 /* CoreLocation.framework */,
				FF49A3EA1B060EF10086E1C9 /* Foundation.framework */,
				FF49A3E81B060EEC0086E1C9 /* AssetsLibrary.framework */,
				FF49A3E61B060EE70086E1C9 /* AddressBook.framework */,
			);
			name = FrameWorks;
			sourceTree = "<group>";
		};
/* End PBXGroup section */

/* Begin PBXNativeTarget section */
		FF49A3BC1B060E250086E1C9 /* GoogleLoginUsingSDK */ = {
			isa = PBXNativeTarget;
			buildConfigurationList = FF49A3E01B060E250086E1C9 /* Build configuration list for PBXNativeTarget "GoogleLoginUsingSDK" */;
			buildPhases = (
				FF49A3B91B060E250086E1C9 /* Sources */,
				FF49A3BA1B060E250086E1C9 /* Frameworks */,
				FF49A3BB1B060E250086E1C9 /* Resources */,
			);
			buildRules = (
			);
			dependencies = (
			);
			name = GoogleLoginUsingSDK;
			productName = GoogleLoginUsingSDK;
			productReference = FF49A3BD1B060E250086E1C9 /* GoogleLoginUsingSDK.app */;
			productType = "com.apple.product-type.application";
		};
		FF49A3D51B060E250086E1C9 /* GoogleLoginUsingSDKTests */ = {
			isa = PBXNativeTarget;
			buildConfigurationList = FF49A3E31B060E250086E1C9 /* Build configuration list for PBXNativeTarget "GoogleLoginUsingSDKTests" */;
			buildPhases = (
				FF49A3D21B060E250086E1C9 /* Sources */,
				FF49A3D31B060E250086E1C9 /* Frameworks */,
				FF49A3D41B060E250086E1C9 /* Resources */,
			);
			buildRules = (
			);
			dependencies = (
				FF49A3D81B060E250086E1C9 /* PBXTargetDependency */,
			);
			name = GoogleLoginUsingSDKTests;
			productName = GoogleLoginUsingSDKTests;
			productReference = FF49A3D61B060E250086E1C9 /* GoogleLoginUsingSDKTests.xctest */;
			productType = "com.apple.product-type.bundle.unit-test";
		};
/* End PBXNativeTarget section */

/* Begin PBXProject section */
		FF49A3B51B060E250086E1C9 /* Project object */ = {
			isa = PBXProject;
			attributes = {
				LastUpgradeCheck = 0630;
				ORGANIZATIONNAME = "Gemini-iMac2";
				TargetAttributes = {
					FF49A3BC1B060E250086E1C9 = {
						CreatedOnToolsVersion = 6.3.1;
					};
					FF49A3D51B060E250086E1C9 = {
						CreatedOnToolsVersion = 6.3.1;
						TestTargetID = FF49A3BC1B060E250086E1C9;
					};
				};
			};
			buildConfigurationList = FF49A3B81B060E250086E1C9 /* Build configuration list for PBXProject "GoogleLoginUsingSDK" */;
			compatibilityVersion = "Xcode 3.2";
			developmentRegion = English;
			hasScannedForEncodings = 0;
			knownRegions = (
				en,
				Base,
			);
			mainGroup = FF49A3B41B060E250086E1C9;
			productRefGroup = FF49A3BE1B060E250086E1C9 /* Products */;
			projectDirPath = "";
			projectRoot = "";
			targets = (
				FF49A3BC1B060E250086E1C9 /* GoogleLoginUsingSDK */,
				FF49A3D51B060E250086E1C9 /* GoogleLoginUsingSDKTests */,
			);
		};
/* End PBXProject section */

/* Begin PBXResourcesBuildPhase section */
		FF49A3BB1B060E250086E1C9 /* Resources */ = {
			isa = PBXResourcesBuildPhase;
			buildActionMask = 2147483647;
			files = (
				FF49A3CC1B060E250086E1C9 /* Main.storyboard in Resources */,
				FF49A3D11B060E250086E1C9 /* LaunchScreen.xib in Resources */,
				FF49A4011B060FB40086E1C9 /* GooglePlus.bundle in Resources */,
				FF49A3CE1B060E250086E1C9 /* Images.xcassets in Resources */,
			);
			runOnlyForDeploymentPostprocessing = 0;
		};
		FF49A3D41B060E250086E1C9 /* Resources */ = {
			isa = PBXResourcesBuildPhase;
			buildActionMask = 2147483647;
			files = (
			);
			runOnlyForDeploymentPostprocessing = 0;
		};
/* End PBXResourcesBuildPhase section */

/* Begin PBXSourcesBuildPhase section */
		FF49A3B91B060E250086E1C9 /* Sources */ = {
			isa = PBXSourcesBuildPhase;
			buildActionMask = 2147483647;
			files = (
				FF49A3C91B060E250086E1C9 /* ViewController.m in Sources */,
				FF49A3C61B060E250086E1C9 /* AppDelegate.m in Sources */,
				FF5FA9771B1711FC001DA46B /* ShareViewController.m in Sources */,
				FF5FA97F1B171A2A001DA46B /* ItemProvider.m in Sources */,
				FF49A3C31B060E250086E1C9 /* main.m in Sources */,
				FF5FA97E1B171A2A001DA46B /* CustomActivity.m in Sources */,
			);
			runOnlyForDeploymentPostprocessing = 0;
		};
		FF49A3D21B060E250086E1C9 /* Sources */ = {
			isa = PBXSourcesBuildPhase;
			buildActionMask = 2147483647;
			files = (
				FF49A3DD1B060E250086E1C9 /* GoogleLoginUsingSDKTests.m in Sources */,
			);
			runOnlyForDeploymentPostprocessing = 0;
		};
/* End PBXSourcesBuildPhase section */

/* Begin PBXTargetDependency section */
		FF49A3D81B060E250086E1C9 /* PBXTargetDependency */ = {
			isa = PBXTargetDependency;
			target = FF49A3BC1B060E250086E1C9 /* GoogleLoginUsingSDK */;
			targetProxy = FF49A3D71B060E250086E1C9 /* PBXContainerItemProxy */;
		};
/* End PBXTargetDependency section */

/* Begin PBXVariantGroup section */
		FF49A3CA1B060E250086E1C9 /* Main.storyboard */ = {
			isa = PBXVariantGroup;
			children = (
				FF49A3CB1B060E250086E1C9 /* Base */,
			);
			name = Main.storyboard;
			sourceTree = "<group>";
		};
		FF49A3CF1B060E250086E1C9 /* LaunchScreen.xib */ = {
			isa = PBXVariantGroup;
			children = (
				FF49A3D01B060E250086E1C9 /* Base */,
			);
			name = LaunchScreen.xib;
			sourceTree = "<group>";
		};
/* End PBXVariantGroup section */

/* Begin XCBuildConfiguration section */
		FF49A3DE1B060E250086E1C9 /* Debug */ = {
			isa = XCBuildConfiguration;
			buildSettings = {
				ALWAYS_SEARCH_USER_PATHS = NO;
				CLANG_CXX_LANGUAGE_STANDARD = "gnu++0x";
				CLANG_CXX_LIBRARY = "libc++";
				CLANG_ENABLE_MODULES = YES;
				CLANG_ENABLE_OBJC_ARC = YES;
				CLANG_WARN_BOOL_CONVERSION = YES;
				CLANG_WARN_CONSTANT_CONVERSION = YES;
				CLANG_WARN_DIRECT_OBJC_ISA_USAGE = YES_ERROR;
				CLANG_WARN_EMPTY_BODY = YES;
				CLANG_WARN_ENUM_CONVERSION = YES;
				CLANG_WARN_INT_CONVERSION = YES;
				CLANG_WARN_OBJC_ROOT_CLASS = YES_ERROR;
				CLANG_WARN_UNREACHABLE_CODE = YES;
				CLANG_WARN__DUPLICATE_METHOD_MATCH = YES;
				"CODE_SIGN_IDENTITY[sdk=iphoneos*]" = "iPhone Developer";
				COPY_PHASE_STRIP = NO;
				DEBUG_INFORMATION_FORMAT = "dwarf-with-dsym";
				ENABLE_STRICT_OBJC_MSGSEND = YES;
				GCC_C_LANGUAGE_STANDARD = gnu99;
				GCC_DYNAMIC_NO_PIC = NO;
				GCC_NO_COMMON_BLOCKS = YES;
				GCC_OPTIMIZATION_LEVEL = 0;
				GCC_PREPROCESSOR_DEFINITIONS = (
					"DEBUG=1",
					"$(inherited)",
				);
				GCC_SYMBOLS_PRIVATE_EXTERN = NO;
				GCC_WARN_64_TO_32_BIT_CONVERSION = YES;
				GCC_WARN_ABOUT_RETURN_TYPE = YES_ERROR;
				GCC_WARN_UNDECLARED_SELECTOR = YES;
				GCC_WARN_UNINITIALIZED_AUTOS = YES_AGGRESSIVE;
				GCC_WARN_UNUSED_FUNCTION = YES;
				GCC_WARN_UNUSED_VARIABLE = YES;
				IPHONEOS_DEPLOYMENT_TARGET = 8.3;
				MTL_ENABLE_DEBUG_INFO = YES;
				ONLY_ACTIVE_ARCH = YES;
				SDKROOT = iphoneos;
			};
			name = Debug;
		};
		FF49A3DF1B060E250086E1C9 /* Release */ = {
			isa = XCBuildConfiguration;
			buildSettings = {
				ALWAYS_SEARCH_USER_PATHS = NO;
				CLANG_CXX_LANGUAGE_STANDARD = "gnu++0x";
				CLANG_CXX_LIBRARY = "libc++";
				CLANG_ENABLE_MODULES = YES;
				CLANG_ENABLE_OBJC_ARC = YES;
				CLANG_WARN_BOOL_CONVERSION = YES;
				CLANG_WARN_CONSTANT_CONVERSION = YES;
				CLANG_WARN_DIRECT_OBJC_ISA_USAGE = YES_ERROR;
				CLANG_WARN_EMPTY_BODY = YES;
				CLANG_WARN_ENUM_CONVERSION = YES;
				CLANG_WARN_INT_CONVERSION = YES;
				CLANG_WARN_OBJC_ROOT_CLASS = YES_ERROR;
				CLANG_WARN_UNREACHABLE_CODE = YES;
				CLANG_WARN__DUPLICATE_METHOD_MATCH = YES;
				"CODE_SIGN_IDENTITY[sdk=iphoneos*]" = "iPhone Developer";
				COPY_PHASE_STRIP = NO;
				DEBUG_INFORMATION_FORMAT = "dwarf-with-dsym";
				ENABLE_NS_ASSERTIONS = NO;
				ENABLE_STRICT_OBJC_MSGSEND = YES;
				GCC_C_LANGUAGE_STANDARD = gnu99;
				GCC_NO_COMMON_BLOCKS = YES;
				GCC_WARN_64_TO_32_BIT_CONVERSION = YES;
				GCC_WARN_ABOUT_RETURN_TYPE = YES_ERROR;
				GCC_WARN_UNDECLARED_SELECTOR = YES;
				GCC_WARN_UNINITIALIZED_AUTOS = YES_AGGRESSIVE;
				GCC_WARN_UNUSED_FUNCTION = YES;
				GCC_WARN_UNUSED_VARIABLE = YES;
				IPHONEOS_DEPLOYMENT_TARGET = 8.3;
				MTL_ENABLE_DEBUG_INFO = NO;
				SDKROOT = iphoneos;
				VALIDATE_PRODUCT = YES;
			};
			name = Release;
		};
		FF49A3E11B060E250086E1C9 /* Debug */ = {
			isa = XCBuildConfiguration;
			buildSettings = {
				ASSETCATALOG_COMPILER_APPICON_NAME = AppIcon;
				FRAMEWORK_SEARCH_PATHS = (
					"$(inherited)",
					"/Users/gemini-imac2/Downloads/google-plus-ios-sdk-1.7.1",
				);
				INFOPLIST_FILE = GoogleLoginUsingSDK/Info.plist;
				LD_RUNPATH_SEARCH_PATHS = "$(inherited) @executable_path/Frameworks";
				OTHER_LDFLAGS = "-ObjC";
				PRODUCT_NAME = "$(TARGET_NAME)";
			};
			name = Debug;
		};
		FF49A3E21B060E250086E1C9 /* Release */ = {
			isa = XCBuildConfiguration;
			buildSettings = {
				ASSETCATALOG_COMPILER_APPICON_NAME = AppIcon;
				FRAMEWORK_SEARCH_PATHS = (
					"$(inherited)",
					"/Users/gemini-imac2/Downloads/google-plus-ios-sdk-1.7.1",
				);
				INFOPLIST_FILE = GoogleLoginUsingSDK/Info.plist;
				LD_RUNPATH_SEARCH_PATHS = "$(inherited) @executable_path/Frameworks";
				OTHER_LDFLAGS = "-ObjC";
				PRODUCT_NAME = "$(TARGET_NAME)";
			};
			name = Release;
		};
		FF49A3E41B060E250086E1C9 /* Debug */ = {
			isa = XCBuildConfiguration;
			buildSettings = {
				BUNDLE_LOADER = "$(TEST_HOST)";
				FRAMEWORK_SEARCH_PATHS = (
					"$(SDKROOT)/Developer/Library/Frameworks",
					"$(inherited)",
				);
				GCC_PREPROCESSOR_DEFINITIONS = (
					"DEBUG=1",
					"$(inherited)",
				);
				INFOPLIST_FILE = GoogleLoginUsingSDKTests/Info.plist;
				LD_RUNPATH_SEARCH_PATHS = "$(inherited) @executable_path/Frameworks @loader_path/Frameworks";
				PRODUCT_NAME = "$(TARGET_NAME)";
				TEST_HOST = "$(BUILT_PRODUCTS_DIR)/GoogleLoginUsingSDK.app/GoogleLoginUsingSDK";
			};
			name = Debug;
		};
		FF49A3E51B060E250086E1C9 /* Release */ = {
			isa = XCBuildConfiguration;
			buildSettings = {
				BUNDLE_LOADER = "$(TEST_HOST)";
				FRAMEWORK_SEARCH_PATHS = (
					"$(SDKROOT)/Developer/Library/Frameworks",
					"$(inherited)",
				);
				INFOPLIST_FILE = GoogleLoginUsingSDKTests/Info.plist;
				LD_RUNPATH_SEARCH_PATHS = "$(inherited) @executable_path/Frameworks @loader_path/Frameworks";
				PRODUCT_NAME = "$(TARGET_NAME)";
				TEST_HOST = "$(BUILT_PRODUCTS_DIR)/GoogleLoginUsingSDK.app/GoogleLoginUsingSDK";
			};
			name = Release;
		};
/* End XCBuildConfiguration section */

/* Begin XCConfigurationList section */
		FF49A3B81B060E250086E1C9 /* Build configuration list for PBXProject "GoogleLoginUsingSDK" */ = {
			isa = XCConfigurationList;
			buildConfigurations = (
				FF49A3DE1B060E250086E1C9 /* Debug */,
				FF49A3DF1B060E250086E1C9 /* Release */,
			);
			defaultConfigurationIsVisible = 0;
			defaultConfigurationName = Release;
		};
		FF49A3E01B060E250086E1C9 /* Build configuration list for PBXNativeTarget "GoogleLoginUsingSDK" */ = {
			isa = XCConfigurationList;
			buildConfigurations = (
				FF49A3E11B060E250086E1C9 /* Debug */,
				FF49A3E21B060E250086E1C9 /* Release */,
			);
			defaultConfigurationIsVisible = 0;
			defaultConfigurationName = Release;
		};
		FF49A3E31B060E250086E1C9 /* Build configuration list for PBXNativeTarget "GoogleLoginUsingSDKTests" */ = {
			isa = XCConfigurationList;
			buildConfigurations = (
				FF49A3E41B060E250086E1C9 /* Debug */,
				FF49A3E51B060E250086E1C9 /* Release */,
			);
			defaultConfigurationIsVisible = 0;
			defaultConfigurationName = Release;
		};
/* End XCConfigurationList section */
	};
	rootObject = FF49A3B51B060E250086E1C9 /* Project object */;
}
